
Microsoft Visual Studio Solution File, Format Version 12.00
# Visual Studio Version 17
VisualStudioVersion = 17.12.35527.113 d17.12
MinimumVisualStudioVersion = 10.0.40219.1
Project("{FAE04EC0-301F-11D3-BF4B-00C04F79EFBC}") = "DibatechLinkerAPI", "DibatechLinkerAPI\DibatechLinkerAPI.csproj", "{AADB5F3D-90BA-4AC8-A4C0-B37E1C8A594E}"
EndProject
Global
	GlobalSection(SolutionConfigurationPlatforms) = preSolution
		Debug|Any CPU = Debug|Any CPU
		Release|Any CPU = Release|Any CPU
	EndGlobalSection
	GlobalSection(ProjectConfigurationPlatforms) = postSolution
		{AADB5F3D-90BA-4AC8-A4C0-B37E1C8A594E}.Debug|Any CPU.ActiveCfg = Debug|Any CPU
		{AADB5F3D-90BA-4AC8-A4C0-B37E1C8A594E}.Debug|Any CPU.Build.0 = Debug|Any CPU
		{AADB5F3D-90BA-4AC8-A4C0-B37E1C8A594E}.Release|Any CPU.ActiveCfg = Release|Any CPU
		{AADB5F3D-90BA-4AC8-A4C0-B37E1C8A594E}.Release|Any CPU.Build.0 = Release|Any CPU
	EndGlobalSection
	GlobalSection(SolutionProperties) = preSolution
		HideSolutionNode = FALSE
	EndGlobalSection
EndGlobal
